
Microsoft Visual Studio Solution File, Format Version 12.00
# Visual Studio Version 17
VisualStudioVersion = 17.9.34723.18
MinimumVisualStudioVersion = 10.0.40219.1
Project("{FAE04EC0-301F-11D3-BF4B-00C04F79EFBC}") = "Test", "Test.csproj", "{45CEF7C6-41EC-49CD-BB59-383B24AE2DCB}"
EndProject
Global
	GlobalSection(SolutionConfigurationPlatforms) = preSolution
		Debug|Any CPU = Debug|Any CPU
		Release|Any CPU = Release|Any CPU
	EndGlobalSection
	GlobalSection(ProjectConfigurationPlatforms) = postSolution
		{45CEF7C6-41EC-49CD-BB59-383B24AE2DCB}.Debug|Any CPU.ActiveCfg = Debug|Any CPU
		{45CEF7C6-41EC-49CD-BB59-383B24AE2DCB}.Debug|Any CPU.Build.0 = Debug|Any CPU
		{45CEF7C6-41EC-49CD-BB59-383B24AE2DCB}.Release|Any CPU.ActiveCfg = Release|Any CPU
		{45CEF7C6-41EC-49CD-BB59-383B24AE2DCB}.Release|Any CPU.Build.0 = Release|Any CPU
	EndGlobalSection
	GlobalSection(SolutionProperties) = preSolution
		HideSolutionNode = FALSE
	EndGlobalSection
	GlobalSection(ExtensibilityGlobals) = postSolution
		SolutionGuid = {B4326E4B-B4B4-4AF8-BB74-17164AF88C20}
	EndGlobalSection
EndGlobal
